
Microsoft Visual Studio Solution File, Format Version 12.00
# Visual Studio Version 17
VisualStudioVersion = 17.14.36202.13 d17.14
MinimumVisualStudioVersion = 10.0.40219.1
Project("{FAE04EC0-301F-11D3-BF4B-00C04F79EFBC}") = "CancelacionHilos", "CancelacionHilos.csproj", "{77344A98-0435-4948-8B55-4E110398FC56}"
EndProject
Global
	GlobalSection(SolutionConfigurationPlatforms) = preSolution
		Debug|Any CPU = Debug|Any CPU
		Release|Any CPU = Release|Any CPU
	EndGlobalSection
	GlobalSection(ProjectConfigurationPlatforms) = postSolution
		{77344A98-0435-4948-8B55-4E110398FC56}.Debug|Any CPU.ActiveCfg = Debug|Any CPU
		{77344A98-0435-4948-8B55-4E110398FC56}.Debug|Any CPU.Build.0 = Debug|Any CPU
		{77344A98-0435-4948-8B55-4E110398FC56}.Release|Any CPU.ActiveCfg = Release|Any CPU
		{77344A98-0435-4948-8B55-4E110398FC56}.Release|Any CPU.Build.0 = Release|Any CPU
	EndGlobalSection
	GlobalSection(SolutionProperties) = preSolution
		HideSolutionNode = FALSE
	EndGlobalSection
	GlobalSection(ExtensibilityGlobals) = postSolution
		SolutionGuid = {189BEE32-33D6-4354-A7CF-E315D93EEE49}
	EndGlobalSection
EndGlobal
